Microsoft Visual Studio Solution File, Format Version 12.00
# Visual Studio Version 17
VisualStudioVersion = 17.5.2.0
MinimumVisualStudioVersion = 10.0.40219.1
Project("{2150E333-8FDC-42A3-9474-1A3956D46DE8}") = "frontend", "frontend", "{CE609670-85B9-0D16-FB54-ED063D5D8A6D}"
EndProject
Project("{2150E333-8FDC-42A3-9474-1A3956D46DE8}") = "backend", "backend", "{1AE8ACA6-933B-BF2A-3671-3E2EAC007D16}"
EndProject
Project("{FAE04EC0-301F-11D3-BF4B-00C04F79EFBC}") = "Client", "frontend\Client.csproj", "{B83C6925-27CB-E5D4-351B-53F4609A72A7}"
EndProject
Project("{FAE04EC0-301F-11D3-BF4B-00C04F79EFBC}") = "ExternalService", "backend\ExternalService\ExternalService.csproj", "{65E3E083-5B05-3E79-C478-39A72DD142C6}"
EndProject
Project("{FAE04EC0-301F-11D3-BF4B-00C04F79EFBC}") = "FlightService", "backend\FlightService\FlightService.csproj", "{1792954C-1635-1F1F-46E8-4353570DC0A2}"
EndProject
Project("{FAE04EC0-301F-11D3-BF4B-00C04F79EFBC}") = "SensorService", "backend\SensorService\SensorService.csproj", "{94CEC0CB-E8A1-6A57-A0C6-88C468DDF686}"
EndProject
Global
	GlobalSection(SolutionConfigurationPlatforms) = preSolution
		Debug|Any CPU = Debug|Any CPU
		Release|Any CPU = Release|Any CPU
	EndGlobalSection
	GlobalSection(ProjectConfigurationPlatforms) = postSolution
		{B83C6925-27CB-E5D4-351B-53F4609A72A7}.Debug|Any CPU.ActiveCfg = Debug|Any CPU
		{B83C6925-27CB-E5D4-351B-53F4609A72A7}.Debug|Any CPU.Build.0 = Debug|Any CPU
		{B83C6925-27CB-E5D4-351B-53F4609A72A7}.Release|Any CPU.ActiveCfg = Release|Any CPU
		{B83C6925-27CB-E5D4-351B-53F4609A72A7}.Release|Any CPU.Build.0 = Release|Any CPU
		{65E3E083-5B05-3E79-C478-39A72DD142C6}.Debug|Any CPU.ActiveCfg = Debug|Any CPU
		{65E3E083-5B05-3E79-C478-39A72DD142C6}.Debug|Any CPU.Build.0 = Debug|Any CPU
		{65E3E083-5B05-3E79-C478-39A72DD142C6}.Release|Any CPU.ActiveCfg = Release|Any CPU
		{65E3E083-5B05-3E79-C478-39A72DD142C6}.Release|Any CPU.Build.0 = Release|Any CPU
		{1792954C-1635-1F1F-46E8-4353570DC0A2}.Debug|Any CPU.ActiveCfg = Debug|Any CPU
		{1792954C-1635-1F1F-46E8-4353570DC0A2}.Debug|Any CPU.Build.0 = Debug|Any CPU
		{1792954C-1635-1F1F-46E8-4353570DC0A2}.Release|Any CPU.ActiveCfg = Release|Any CPU
		{1792954C-1635-1F1F-46E8-4353570DC0A2}.Release|Any CPU.Build.0 = Release|Any CPU
		{94CEC0CB-E8A1-6A57-A0C6-88C468DDF686}.Debug|Any CPU.ActiveCfg = Debug|Any CPU
		{94CEC0CB-E8A1-6A57-A0C6-88C468DDF686}.Debug|Any CPU.Build.0 = Debug|Any CPU
		{94CEC0CB-E8A1-6A57-A0C6-88C468DDF686}.Release|Any CPU.ActiveCfg = Release|Any CPU
		{94CEC0CB-E8A1-6A57-A0C6-88C468DDF686}.Release|Any CPU.Build.0 = Release|Any CPU
	EndGlobalSection
	GlobalSection(SolutionProperties) = preSolution
		HideSolutionNode = FALSE
	EndGlobalSection
	GlobalSection(NestedProjects) = preSolution
		{B83C6925-27CB-E5D4-351B-53F4609A72A7} = {CE609670-85B9-0D16-FB54-ED063D5D8A6D}
		{65E3E083-5B05-3E79-C478-39A72DD142C6} = {1AE8ACA6-933B-BF2A-3671-3E2EAC007D16}
		{1792954C-1635-1F1F-46E8-4353570DC0A2} = {1AE8ACA6-933B-BF2A-3671-3E2EAC007D16}
		{94CEC0CB-E8A1-6A57-A0C6-88C468DDF686} = {1AE8ACA6-933B-BF2A-3671-3E2EAC007D16}
	EndGlobalSection
	GlobalSection(ExtensibilityGlobals) = postSolution
		SolutionGuid = {5F509F8C-3E25-49AD-AC2E-8BBA58AA9B8B}
	EndGlobalSection
EndGlobal
